github.com/PaulSonOfLars/gotgbot/v2 v2.0.0-rc.30 h1:kPFkEzqg3+5gu077Zrg+24d0rO0Iwdx/ZUUHFFprfsc=
github.com/PaulSonOfLars/gotgbot/v2 v2.0.0-rc.30/go.mod h1:kL1v4iIjlalwm3gCYGvF4NLa3hs+aKEfRkNJvj4aoDU=
github.com/hellofresh/health-go v2.0.2+incompatible h1:8Y5czMaQXbvRsaU4BEpWQLXYROGCFGoZv+Ux3RHjZwc=
github.com/hellofresh/health-go v2.0.2+incompatible/go.mod h1:/lE+J/PDTYpbLHXGSzpRSRaF5fUegajdWaXfYW9dWQQ=
github.com/hellofresh/health-go/v5 v5.5.3 h1:i+mfJcA8te/QhBzrBZxOw344XgIvHrc9IQzrEyn3OUQ=
github.com/hellofresh/health-go/v5 v5.5.3/go.mod h1:maWprKoK7N9zno7l2ubFEGVF2SDmTHq5D9sV+lCFmGs=
github.com/joho/godotenv v1.5.1 h1:7eLL/+HRGLY0ldzfGMeQkb7vMd0as4CfYvUVzLqw0N0=
github.com/joho/godotenv v1.5.1/go.mod h1:f4LDr5Voq0i2e/R5DDNOoa2zzDfwtkZa6DnEwAbqwq4=
go.opentelemetry.io/otel v1.24.0 h1:0LAOdjNmQeSTzGBzduGe/rU4tZhMwL5rWgtp9Ku5Jfo=
go.opentelemetry.io/otel v1.24.0/go.mod h1:W7b9Ozg4nkF5tWI5zsXkaKKDjdVjpD4oAt9Qi/MArHo=
go.opentelemetry.io/otel/trace v1.24.0 h1:CsKnnL4dUAr/0llH9FKuc698G04IrpWV0MQA/Y1YELI=
go.opentelemetry.io/otel/trace v1.24.0/go.mod h1:HPc3Xr/cOApsBI154IU0OI0HJexz+aw5uPdbs3UCjNU=
